
Microsoft Visual Studio Solution File, Format Version 12.00
# Visual Studio Version 16
VisualStudioVersion = 16.0.30114.105
MinimumVisualStudioVersion = 10.0.40219.1
Project("{FAE04EC0-301F-11D3-BF4B-00C04F79EFBC}") = "API", "API\API.csproj", "{42C74707-666C-4677-8811-3B3B7238D771}"
EndProject
Project("{FAE04EC0-301F-11D3-BF4B-00C04F79EFBC}") = "Application", "Application\Application.csproj", "{042EA9E1-354F-4828-8779-1DB25BA9F65F}"
EndProject
Project("{FAE04EC0-301F-11D3-BF4B-00C04F79EFBC}") = "Persistence", "Persistence\Persistence.csproj", "{9D07EE53-6900-4B19-ADD9-722E58A468E3}"
EndProject
Project("{FAE04EC0-301F-11D3-BF4B-00C04F79EFBC}") = "Domain", "Domain\Domain.csproj", "{76DE34D4-5851-42A1-B1A0-D320BFAC091D}"
EndProject
Global
	GlobalSection(SolutionConfigurationPlatforms) = preSolution
		Debug|Any CPU = Debug|Any CPU
		Debug|x64 = Debug|x64
		Debug|x86 = Debug|x86
		Release|Any CPU = Release|Any CPU
		Release|x64 = Release|x64
		Release|x86 = Release|x86
	EndGlobalSection
	GlobalSection(SolutionProperties) = preSolution
		HideSolutionNode = FALSE
	EndGlobalSection
	GlobalSection(ProjectConfigurationPlatforms) = postSolution
		{42C74707-666C-4677-8811-3B3B7238D771}.Debug|Any CPU.ActiveCfg = Debug|Any CPU
		{42C74707-666C-4677-8811-3B3B7238D771}.Debug|Any CPU.Build.0 = Debug|Any CPU
		{42C74707-666C-4677-8811-3B3B7238D771}.Debug|x64.ActiveCfg = Debug|Any CPU
		{42C74707-666C-4677-8811-3B3B7238D771}.Debug|x64.Build.0 = Debug|Any CPU
		{42C74707-666C-4677-8811-3B3B7238D771}.Debug|x86.ActiveCfg = Debug|Any CPU
		{42C74707-666C-4677-8811-3B3B7238D771}.Debug|x86.Build.0 = Debug|Any CPU
		{42C74707-666C-4677-8811-3B3B7238D771}.Release|Any CPU.ActiveCfg = Release|Any CPU
		{42C74707-666C-4677-8811-3B3B7238D771}.Release|Any CPU.Build.0 = Release|Any CPU
		{42C74707-666C-4677-8811-3B3B7238D771}.Release|x64.ActiveCfg = Release|Any CPU
		{42C74707-666C-4677-8811-3B3B7238D771}.Release|x64.Build.0 = Release|Any CPU
		{42C74707-666C-4677-8811-3B3B7238D771}.Release|x86.ActiveCfg = Release|Any CPU
		{42C74707-666C-4677-8811-3B3B7238D771}.Release|x86.Build.0 = Release|Any CPU
		{042EA9E1-354F-4828-8779-1DB25BA9F65F}.Debug|Any CPU.ActiveCfg = Debug|Any CPU
		{042EA9E1-354F-4828-8779-1DB25BA9F65F}.Debug|Any CPU.Build.0 = Debug|Any CPU
		{042EA9E1-354F-4828-8779-1DB25BA9F65F}.Debug|x64.ActiveCfg = Debug|Any CPU
		{042EA9E1-354F-4828-8779-1DB25BA9F65F}.Debug|x64.Build.0 = Debug|Any CPU
		{042EA9E1-354F-4828-8779-1DB25BA9F65F}.Debug|x86.ActiveCfg = Debug|Any CPU
		{042EA9E1-354F-4828-8779-1DB25BA9F65F}.Debug|x86.Build.0 = Debug|Any CPU
		{042EA9E1-354F-4828-8779-1DB25BA9F65F}.Release|Any CPU.ActiveCfg = Release|Any CPU
		{042EA9E1-354F-4828-8779-1DB25BA9F65F}.Release|Any CPU.Build.0 = Release|Any CPU
		{042EA9E1-354F-4828-8779-1DB25BA9F65F}.Release|x64.ActiveCfg = Release|Any CPU
		{042EA9E1-354F-4828-8779-1DB25BA9F65F}.Release|x64.Build.0 = Release|Any CPU
		{042EA9E1-354F-4828-8779-1DB25BA9F65F}.Release|x86.ActiveCfg = Release|Any CPU
		{042EA9E1-354F-4828-8779-1DB25BA9F65F}.Release|x86.Build.0 = Release|Any CPU
		{9D07EE53-6900-4B19-ADD9-722E58A468E3}.Debug|Any CPU.ActiveCfg = Debug|Any CPU
		{9D07EE53-6900-4B19-ADD9-722E58A468E3}.Debug|Any CPU.Build.0 = Debug|Any CPU
		{9D07EE53-6900-4B19-ADD9-722E58A468E3}.Debug|x64.ActiveCfg = Debug|Any CPU
		{9D07EE53-6900-4B19-ADD9-722E58A468E3}.Debug|x64.Build.0 = Debug|Any CPU
		{9D07EE53-6900-4B19-ADD9-722E58A468E3}.Debug|x86.ActiveCfg = Debug|Any CPU
		{9D07EE53-6900-4B19-ADD9-722E58A468E3}.Debug|x86.Build.0 = Debug|Any CPU
		{9D07EE53-6900-4B19-ADD9-722E58A468E3}.Release|Any CPU.ActiveCfg = Release|Any CPU
		{9D07EE53-6900-4B19-ADD9-722E58A468E3}.Release|Any CPU.Build.0 = Release|Any CPU
		{9D07EE53-6900-4B19-ADD9-722E58A468E3}.Release|x64.ActiveCfg = Release|Any CPU
		{9D07EE53-6900-4B19-ADD9-722E58A468E3}.Release|x64.Build.0 = Release|Any CPU
		{9D07EE53-6900-4B19-ADD9-722E58A468E3}.Release|x86.ActiveCfg = Release|Any CPU
		{9D07EE53-6900-4B19-ADD9-722E58A468E3}.Release|x86.Build.0 = Release|Any CPU
		{76DE34D4-5851-42A1-B1A0-D320BFAC091D}.Debug|Any CPU.ActiveCfg = Debug|Any CPU
		{76DE34D4-5851-42A1-B1A0-D320BFAC091D}.Debug|Any CPU.Build.0 = Debug|Any CPU
		{76DE34D4-5851-42A1-B1A0-D320BFAC091D}.Debug|x64.ActiveCfg = Debug|Any CPU
		{76DE34D4-5851-42A1-B1A0-D320BFAC091D}.Debug|x64.Build.0 = Debug|Any CPU
		{76DE34D4-5851-42A1-B1A0-D320BFAC091D}.Debug|x86.ActiveCfg = Debug|Any CPU
		{76DE34D4-5851-42A1-B1A0-D320BFAC091D}.Debug|x86.Build.0 = Debug|Any CPU
		{76DE34D4-5851-42A1-B1A0-D320BFAC091D}.Release|Any CPU.ActiveCfg = Release|Any CPU
		{76DE34D4-5851-42A1-B1A0-D320BFAC091D}.Release|Any CPU.Build.0 = Release|Any CPU
		{76DE34D4-5851-42A1-B1A0-D320BFAC091D}.Release|x64.ActiveCfg = Release|Any CPU
		{76DE34D4-5851-42A1-B1A0-D320BFAC091D}.Release|x64.Build.0 = Release|Any CPU
		{76DE34D4-5851-42A1-B1A0-D320BFAC091D}.Release|x86.ActiveCfg = Release|Any CPU
		{76DE34D4-5851-42A1-B1A0-D320BFAC091D}.Release|x86.Build.0 = Release|Any CPU
	EndGlobalSection
EndGlobal
